
Microsoft Visual Studio Solution File, Format Version 12.00
# Visual Studio 2013
VisualStudioVersion = 12.0.31101.0
MinimumVisualStudioVersion = 10.0.40219.1
Project("{FAE04EC0-301F-11D3-BF4B-00C04F79EFBC}") = "AppVestiboTec", "AppVestiboTec\AppVestiboTec.csproj", "{EBE0E46B-B491-4453-B531-535AE80CD3FA}"
EndProject
Global
	GlobalSection(SolutionConfigurationPlatforms) = preSolution
		Debug|Any CPU = Debug|Any CPU
		Release|Any CPU = Release|Any CPU
	EndGlobalSection
	GlobalSection(ProjectConfigurationPlatforms) = postSolution
		{EBE0E46B-B491-4453-B531-535AE80CD3FA}.Debug|Any CPU.ActiveCfg = Debug|Any CPU
		{EBE0E46B-B491-4453-B531-535AE80CD3FA}.Debug|Any CPU.Build.0 = Debug|Any CPU
		{EBE0E46B-B491-4453-B531-535AE80CD3FA}.Release|Any CPU.ActiveCfg = Release|Any CPU
		{EBE0E46B-B491-4453-B531-535AE80CD3FA}.Release|Any CPU.Build.0 = Release|Any CPU
	EndGlobalSection
	GlobalSection(SolutionProperties) = preSolution
		HideSolutionNode = FALSE
	EndGlobalSection
EndGlobal
